
Microsoft Visual Studio Solution File, Format Version 12.00
# Visual Studio Version 17
VisualStudioVersion = 17.4.33205.214
MinimumVisualStudioVersion = 10.0.40219.1
Project("{FAE04EC0-301F-11D3-BF4B-00C04F79EFBC}") = "ShowsAPI", "ShowsAPI.csproj", "{C34C5401-5594-46E2-9E5C-091E47D74BFC}"
EndProject
Global
	GlobalSection(SolutionConfigurationPlatforms) = preSolution
		Debug|Any CPU = Debug|Any CPU
		Release|Any CPU = Release|Any CPU
	EndGlobalSection
	GlobalSection(ProjectConfigurationPlatforms) = postSolution
		{C34C5401-5594-46E2-9E5C-091E47D74BFC}.Debug|Any CPU.ActiveCfg = Debug|Any CPU
		{C34C5401-5594-46E2-9E5C-091E47D74BFC}.Debug|Any CPU.Build.0 = Debug|Any CPU
		{C34C5401-5594-46E2-9E5C-091E47D74BFC}.Release|Any CPU.ActiveCfg = Release|Any CPU
		{C34C5401-5594-46E2-9E5C-091E47D74BFC}.Release|Any CPU.Build.0 = Release|Any CPU
	EndGlobalSection
	GlobalSection(SolutionProperties) = preSolution
		HideSolutionNode = FALSE
	EndGlobalSection
	GlobalSection(ExtensibilityGlobals) = postSolution
		SolutionGuid = {B556DE37-8D5A-48C9-B8B0-8511301A0C69}
	EndGlobalSection
EndGlobal
